
Microsoft Visual Studio Solution File, Format Version 12.00
# Visual Studio 15
VisualStudioVersion = 15.0.27130.2026
MinimumVisualStudioVersion = 10.0.40219.1
Project("{9A19103F-16F7-4668-BE54-9A1E7A4F7556}") = "RoundedLabel.FormsPlugin.Abstractions", "RoundedLabel\RoundedLabel.FormsPlugin.Abstractions\RoundedLabel.FormsPlugin.Abstractions.csproj", "{14C534B6-1984-41A9-A384-D3A5508588E3}"
EndProject
Project("{FAE04EC0-301F-11D3-BF4B-00C04F79EFBC}") = "RoundedLabel.FormsPlugin.iOS", "RoundedLabel\RoundedLabel.FormsPlugin.iOS\RoundedLabel.FormsPlugin.iOS.csproj", "{D525F236-6A2D-4010-B1CC-4A4B8581C90B}"
EndProject
Project("{FAE04EC0-301F-11D3-BF4B-00C04F79EFBC}") = "RoundedLabel.FormsPlugin.Android", "RoundedLabel\RoundedLabel.FormsPlugin.Android\RoundedLabel.FormsPlugin.Android.csproj", "{AD2D2DB4-E781-4CF1-9B62-3AAD264F196D}"
EndProject
Project("{FAE04EC0-301F-11D3-BF4B-00C04F79EFBC}") = "RoundedLabel.FormsPlugin.WindowsPhone", "RoundedLabel\RoundedLabel.FormsPlugin.WindowsPhone\RoundedLabel.FormsPlugin.WindowsPhone.csproj", "{983B7EFF-7E75-4A87-890A-744A0B4C5232}"
EndProject
Project("{FAE04EC0-301F-11D3-BF4B-00C04F79EFBC}") = "Sample.Android", "Sample\Sample.Android\Sample.Android.csproj", "{EAC1DFEF-C6D9-43BE-9D9E-EBCC42652D59}"
EndProject
Project("{FAE04EC0-301F-11D3-BF4B-00C04F79EFBC}") = "Sample.iOS", "Sample\Sample.iOS\Sample.iOS.csproj", "{B22E3563-45CB-49C7-8CB9-6F3089F37DAC}"
EndProject
Project("{9A19103F-16F7-4668-BE54-9A1E7A4F7556}") = "Sample", "Sample\Sample\Sample.csproj", "{1A485B44-0E88-4C88-B76F-611D1AA247D9}"
EndProject
Project("{2150E333-8FDC-42A3-9474-1A3956D46DE8}") = "SampleProj", "SampleProj", "{9B9ADC41-1656-4A6A-BCF7-44B156F63FA6}"
EndProject
Project("{2150E333-8FDC-42A3-9474-1A3956D46DE8}") = "Nuspec", "Nuspec", "{094E7534-1CFA-4F91-A5D6-9CEBFAF3DE96}"
	ProjectSection(SolutionItems) = preProject
		plugin.nuspec = plugin.nuspec
	EndProjectSection
EndProject
Global
	GlobalSection(SolutionConfigurationPlatforms) = preSolution
		Ad-Hoc|Any CPU = Ad-Hoc|Any CPU
		Ad-Hoc|ARM = Ad-Hoc|ARM
		Ad-Hoc|iPhone = Ad-Hoc|iPhone
		Ad-Hoc|iPhoneSimulator = Ad-Hoc|iPhoneSimulator
		Ad-Hoc|x86 = Ad-Hoc|x86
		AppStore|Any CPU = AppStore|Any CPU
		AppStore|ARM = AppStore|ARM
		AppStore|iPhone = AppStore|iPhone
		AppStore|iPhoneSimulator = AppStore|iPhoneSimulator
		AppStore|x86 = AppStore|x86
		Debug|Any CPU = Debug|Any CPU
		Debug|ARM = Debug|ARM
		Debug|iPhone = Debug|iPhone
		Debug|iPhoneSimulator = Debug|iPhoneSimulator
		Debug|x86 = Debug|x86
		Release|Any CPU = Release|Any CPU
		Release|ARM = Release|ARM
		Release|iPhone = Release|iPhone
		Release|iPhoneSimulator = Release|iPhoneSimulator
		Release|x86 = Release|x86
	EndGlobalSection
	GlobalSection(ProjectConfigurationPlatforms) = postSolution
		{14C534B6-1984-41A9-A384-D3A5508588E3}.Ad-Hoc|Any CPU.ActiveCfg = Release|Any CPU
		{14C534B6-1984-41A9-A384-D3A5508588E3}.Ad-Hoc|Any CPU.Build.0 = Release|Any CPU
		{14C534B6-1984-41A9-A384-D3A5508588E3}.Ad-Hoc|ARM.ActiveCfg = Release|Any CPU
		{14C534B6-1984-41A9-A384-D3A5508588E3}.Ad-Hoc|ARM.Build.0 = Release|Any CPU
		{14C534B6-1984-41A9-A384-D3A5508588E3}.Ad-Hoc|iPhone.ActiveCfg = Release|Any CPU
		{14C534B6-1984-41A9-A384-D3A5508588E3}.Ad-Hoc|iPhone.Build.0 = Release|Any CPU
		{14C534B6-1984-41A9-A384-D3A5508588E3}.Ad-Hoc|iPhoneSimulator.ActiveCfg = Release|Any CPU
		{14C534B6-1984-41A9-A384-D3A5508588E3}.Ad-Hoc|iPhoneSimulator.Build.0 = Release|Any CPU
		{14C534B6-1984-41A9-A384-D3A5508588E3}.Ad-Hoc|x86.ActiveCfg = Release|Any CPU
		{14C534B6-1984-41A9-A384-D3A5508588E3}.Ad-Hoc|x86.Build.0 = Release|Any CPU
		{14C534B6-1984-41A9-A384-D3A5508588E3}.AppStore|Any CPU.ActiveCfg = Release|Any CPU
		{14C534B6-1984-41A9-A384-D3A5508588E3}.AppStore|Any CPU.Build.0 = Release|Any CPU
		{14C534B6-1984-41A9-A384-D3A5508588E3}.AppStore|ARM.ActiveCfg = Release|Any CPU
		{14C534B6-1984-41A9-A384-D3A5508588E3}.AppStore|ARM.Build.0 = Release|Any CPU
		{14C534B6-1984-41A9-A384-D3A5508588E3}.AppStore|iPhone.ActiveCfg = Release|Any CPU
		{14C534B6-1984-41A9-A384-D3A5508588E3}.AppStore|iPhone.Build.0 = Release|Any CPU
		{14C534B6-1984-41A9-A384-D3A5508588E3}.AppStore|iPhoneSimulator.ActiveCfg = Release|Any CPU
		{14C534B6-1984-41A9-A384-D3A5508588E3}.AppStore|iPhoneSimulator.Build.0 = Release|Any CPU
		{14C534B6-1984-41A9-A384-D3A5508588E3}.AppStore|x86.ActiveCfg = Release|Any CPU
		{14C534B6-1984-41A9-A384-D3A5508588E3}.AppStore|x86.Build.0 = Release|Any CPU
		{14C534B6-1984-41A9-A384-D3A5508588E3}.Debug|Any CPU.ActiveCfg = Debug|Any CPU
		{14C534B6-1984-41A9-A384-D3A5508588E3}.Debug|Any CPU.Build.0 = Debug|Any CPU
		{14C534B6-1984-41A9-A384-D3A5508588E3}.Debug|ARM.ActiveCfg = Debug|Any CPU
		{14C534B6-1984-41A9-A384-D3A5508588E3}.Debug|ARM.Build.0 = Debug|Any CPU
		{14C534B6-1984-41A9-A384-D3A5508588E3}.Debug|iPhone.ActiveCfg = Debug|Any CPU
		{14C534B6-1984-41A9-A384-D3A5508588E3}.Debug|iPhone.Build.0 = Debug|Any CPU
		{14C534B6-1984-41A9-A384-D3A5508588E3}.Debug|iPhoneSimulator.ActiveCfg = Debug|Any CPU
		{14C534B6-1984-41A9-A384-D3A5508588E3}.Debug|iPhoneSimulator.Build.0 = Debug|Any CPU
		{14C534B6-1984-41A9-A384-D3A5508588E3}.Debug|x86.ActiveCfg = Debug|Any CPU
		{14C534B6-1984-41A9-A384-D3A5508588E3}.Debug|x86.Build.0 = Debug|Any CPU
		{14C534B6-1984-41A9-A384-D3A5508588E3}.Release|Any CPU.ActiveCfg = Release|Any CPU
		{14C534B6-1984-41A9-A384-D3A5508588E3}.Release|Any CPU.Build.0 = Release|Any CPU
		{14C534B6-1984-41A9-A384-D3A5508588E3}.Release|ARM.ActiveCfg = Release|Any CPU
		{14C534B6-1984-41A9-A384-D3A5508588E3}.Release|ARM.Build.0 = Release|Any CPU
		{14C534B6-1984-41A9-A384-D3A5508588E3}.Release|iPhone.ActiveCfg = Release|Any CPU
		{14C534B6-1984-41A9-A384-D3A5508588E3}.Release|iPhone.Build.0 = Release|Any CPU
		{14C534B6-1984-41A9-A384-D3A5508588E3}.Release|iPhoneSimulator.ActiveCfg = Release|Any CPU
		{14C534B6-1984-41A9-A384-D3A5508588E3}.Release|iPhoneSimulator.Build.0 = Release|Any CPU
		{14C534B6-1984-41A9-A384-D3A5508588E3}.Release|x86.ActiveCfg = Release|Any CPU
		{14C534B6-1984-41A9-A384-D3A5508588E3}.Release|x86.Build.0 = Release|Any CPU
		{D525F236-6A2D-4010-B1CC-4A4B8581C90B}.Ad-Hoc|Any CPU.ActiveCfg = Release|Any CPU
		{D525F236-6A2D-4010-B1CC-4A4B8581C90B}.Ad-Hoc|Any CPU.Build.0 = Release|Any CPU
		{D525F236-6A2D-4010-B1CC-4A4B8581C90B}.Ad-Hoc|ARM.ActiveCfg = Release|Any CPU
		{D525F236-6A2D-4010-B1CC-4A4B8581C90B}.Ad-Hoc|ARM.Build.0 = Release|Any CPU
		{D525F236-6A2D-4010-B1CC-4A4B8581C90B}.Ad-Hoc|iPhone.ActiveCfg = Release|Any CPU
		{D525F236-6A2D-4010-B1CC-4A4B8581C90B}.Ad-Hoc|iPhone.Build.0 = Release|Any CPU
		{D525F236-6A2D-4010-B1CC-4A4B8581C90B}.Ad-Hoc|iPhoneSimulator.ActiveCfg = Release|Any CPU
		{D525F236-6A2D-4010-B1CC-4A4B8581C90B}.Ad-Hoc|iPhoneSimulator.Build.0 = Release|Any CPU
		{D525F236-6A2D-4010-B1CC-4A4B8581C90B}.Ad-Hoc|x86.ActiveCfg = Release|Any CPU
		{D525F236-6A2D-4010-B1CC-4A4B8581C90B}.Ad-Hoc|x86.Build.0 = Release|Any CPU
		{D525F236-6A2D-4010-B1CC-4A4B8581C90B}.AppStore|Any CPU.ActiveCfg = Release|Any CPU
		{D525F236-6A2D-4010-B1CC-4A4B8581C90B}.AppStore|Any CPU.Build.0 = Release|Any CPU
		{D525F236-6A2D-4010-B1CC-4A4B8581C90B}.AppStore|ARM.ActiveCfg = Release|Any CPU
		{D525F236-6A2D-4010-B1CC-4A4B8581C90B}.AppStore|ARM.Build.0 = Release|Any CPU
		{D525F236-6A2D-4010-B1CC-4A4B8581C90B}.AppStore|iPhone.ActiveCfg = Release|Any CPU
		{D525F236-6A2D-4010-B1CC-4A4B8581C90B}.AppStore|iPhone.Build.0 = Release|Any CPU
		{D525F236-6A2D-4010-B1CC-4A4B8581C90B}.AppStore|iPhoneSimulator.ActiveCfg = Release|Any CPU
		{D525F236-6A2D-4010-B1CC-4A4B8581C90B}.AppStore|iPhoneSimulator.Build.0 = Release|Any CPU
		{D525F236-6A2D-4010-B1CC-4A4B8581C90B}.AppStore|x86.ActiveCfg = Release|Any CPU
		{D525F236-6A2D-4010-B1CC-4A4B8581C90B}.AppStore|x86.Build.0 = Release|Any CPU
		{D525F236-6A2D-4010-B1CC-4A4B8581C90B}.Debug|Any CPU.ActiveCfg = Debug|Any CPU
		{D525F236-6A2D-4010-B1CC-4A4B8581C90B}.Debug|Any CPU.Build.0 = Debug|Any CPU
		{D525F236-6A2D-4010-B1CC-4A4B8581C90B}.Debug|ARM.ActiveCfg = Debug|Any CPU
		{D525F236-6A2D-4010-B1CC-4A4B8581C90B}.Debug|ARM.Build.0 = Debug|Any CPU
		{D525F236-6A2D-4010-B1CC-4A4B8581C90B}.Debug|iPhone.ActiveCfg = Debug|Any CPU
		{D525F236-6A2D-4010-B1CC-4A4B8581C90B}.Debug|iPhone.Build.0 = Debug|Any CPU
		{D525F236-6A2D-4010-B1CC-4A4B8581C90B}.Debug|iPhoneSimulator.ActiveCfg = Debug|Any CPU
		{D525F236-6A2D-4010-B1CC-4A4B8581C90B}.Debug|iPhoneSimulator.Build.0 = Debug|Any CPU
		{D525F236-6A2D-4010-B1CC-4A4B8581C90B}.Debug|x86.ActiveCfg = Debug|Any CPU
		{D525F236-6A2D-4010-B1CC-4A4B8581C90B}.Debug|x86.Build.0 = Debug|Any CPU
		{D525F236-6A2D-4010-B1CC-4A4B8581C90B}.Release|Any CPU.ActiveCfg = Release|Any CPU
		{D525F236-6A2D-4010-B1CC-4A4B8581C90B}.Release|Any CPU.Build.0 = Release|Any CPU
		{D525F236-6A2D-4010-B1CC-4A4B8581C90B}.Release|ARM.ActiveCfg = Release|Any CPU
		{D525F236-6A2D-4010-B1CC-4A4B8581C90B}.Release|ARM.Build.0 = Release|Any CPU
		{D525F236-6A2D-4010-B1CC-4A4B8581C90B}.Release|iPhone.ActiveCfg = Release|Any CPU
		{D525F236-6A2D-4010-B1CC-4A4B8581C90B}.Release|iPhone.Build.0 = Release|Any CPU
		{D525F236-6A2D-4010-B1CC-4A4B8581C90B}.Release|iPhoneSimulator.ActiveCfg = Release|Any CPU
		{D525F236-6A2D-4010-B1CC-4A4B8581C90B}.Release|iPhoneSimulator.Build.0 = Release|Any CPU
		{D525F236-6A2D-4010-B1CC-4A4B8581C90B}.Release|x86.ActiveCfg = Release|Any CPU
		{D525F236-6A2D-4010-B1CC-4A4B8581C90B}.Release|x86.Build.0 = Release|Any CPU
		{AD2D2DB4-E781-4CF1-9B62-3AAD264F196D}.Ad-Hoc|Any CPU.ActiveCfg = Release|Any CPU
		{AD2D2DB4-E781-4CF1-9B62-3AAD264F196D}.Ad-Hoc|Any CPU.Build.0 = Release|Any CPU
		{AD2D2DB4-E781-4CF1-9B62-3AAD264F196D}.Ad-Hoc|ARM.ActiveCfg = Release|Any CPU
		{AD2D2DB4-E781-4CF1-9B62-3AAD264F196D}.Ad-Hoc|ARM.Build.0 = Release|Any CPU
		{AD2D2DB4-E781-4CF1-9B62-3AAD264F196D}.Ad-Hoc|iPhone.ActiveCfg = Release|Any CPU
		{AD2D2DB4-E781-4CF1-9B62-3AAD264F196D}.Ad-Hoc|iPhone.Build.0 = Release|Any CPU
		{AD2D2DB4-E781-4CF1-9B62-3AAD264F196D}.Ad-Hoc|iPhoneSimulator.ActiveCfg = Release|Any CPU
		{AD2D2DB4-E781-4CF1-9B62-3AAD264F196D}.Ad-Hoc|iPhoneSimulator.Build.0 = Release|Any CPU
		{AD2D2DB4-E781-4CF1-9B62-3AAD264F196D}.Ad-Hoc|x86.ActiveCfg = Release|Any CPU
		{AD2D2DB4-E781-4CF1-9B62-3AAD264F196D}.Ad-Hoc|x86.Build.0 = Release|Any CPU
		{AD2D2DB4-E781-4CF1-9B62-3AAD264F196D}.AppStore|Any CPU.ActiveCfg = Release|Any CPU
		{AD2D2DB4-E781-4CF1-9B62-3AAD264F196D}.AppStore|Any CPU.Build.0 = Release|Any CPU
		{AD2D2DB4-E781-4CF1-9B62-3AAD264F196D}.AppStore|ARM.ActiveCfg = Release|Any CPU
		{AD2D2DB4-E781-4CF1-9B62-3AAD264F196D}.AppStore|ARM.Build.0 = Release|Any CPU
		{AD2D2DB4-E781-4CF1-9B62-3AAD264F196D}.AppStore|iPhone.ActiveCfg = Release|Any CPU
		{AD2D2DB4-E781-4CF1-9B62-3AAD264F196D}.AppStore|iPhone.Build.0 = Release|Any CPU
		{AD2D2DB4-E781-4CF1-9B62-3AAD264F196D}.AppStore|iPhoneSimulator.ActiveCfg = Release|Any CPU
		{AD2D2DB4-E781-4CF1-9B62-3AAD264F196D}.AppStore|iPhoneSimulator.Build.0 = Release|Any CPU
		{AD2D2DB4-E781-4CF1-9B62-3AAD264F196D}.AppStore|x86.ActiveCfg = Release|Any CPU
		{AD2D2DB4-E781-4CF1-9B62-3AAD264F196D}.AppStore|x86.Build.0 = Release|Any CPU
		{AD2D2DB4-E781-4CF1-9B62-3AAD264F196D}.Debug|Any CPU.ActiveCfg = Debug|Any CPU
		{AD2D2DB4-E781-4CF1-9B62-3AAD264F196D}.Debug|Any CPU.Build.0 = Debug|Any CPU
		{AD2D2DB4-E781-4CF1-9B62-3AAD264F196D}.Debug|ARM.ActiveCfg = Debug|Any CPU
		{AD2D2DB4-E781-4CF1-9B62-3AAD264F196D}.Debug|ARM.Build.0 = Debug|Any CPU
		{AD2D2DB4-E781-4CF1-9B62-3AAD264F196D}.Debug|iPhone.ActiveCfg = Debug|Any CPU
		{AD2D2DB4-E781-4CF1-9B62-3AAD264F196D}.Debug|iPhone.Build.0 = Debug|Any CPU
		{AD2D2DB4-E781-4CF1-9B62-3AAD264F196D}.Debug|iPhoneSimulator.ActiveCfg = Debug|Any CPU
		{AD2D2DB4-E781-4CF1-9B62-3AAD264F196D}.Debug|iPhoneSimulator.Build.0 = Debug|Any CPU
		{AD2D2DB4-E781-4CF1-9B62-3AAD264F196D}.Debug|x86.ActiveCfg = Debug|Any CPU
		{AD2D2DB4-E781-4CF1-9B62-3AAD264F196D}.Debug|x86.Build.0 = Debug|Any CPU
		{AD2D2DB4-E781-4CF1-9B62-3AAD264F196D}.Release|Any CPU.ActiveCfg = Release|Any CPU
		{AD2D2DB4-E781-4CF1-9B62-3AAD264F196D}.Release|Any CPU.Build.0 = Release|Any CPU
		{AD2D2DB4-E781-4CF1-9B62-3AAD264F196D}.Release|ARM.ActiveCfg = Release|Any CPU
		{AD2D2DB4-E781-4CF1-9B62-3AAD264F196D}.Release|ARM.Build.0 = Release|Any CPU
		{AD2D2DB4-E781-4CF1-9B62-3AAD264F196D}.Release|iPhone.ActiveCfg = Release|Any CPU
		{AD2D2DB4-E781-4CF1-9B62-3AAD264F196D}.Release|iPhone.Build.0 = Release|Any CPU
		{AD2D2DB4-E781-4CF1-9B62-3AAD264F196D}.Release|iPhoneSimulator.ActiveCfg = Release|Any CPU
		{AD2D2DB4-E781-4CF1-9B62-3AAD264F196D}.Release|iPhoneSimulator.Build.0 = Release|Any CPU
		{AD2D2DB4-E781-4CF1-9B62-3AAD264F196D}.Release|x86.ActiveCfg = Release|Any CPU
		{AD2D2DB4-E781-4CF1-9B62-3AAD264F196D}.Release|x86.Build.0 = Release|Any CPU
		{983B7EFF-7E75-4A87-890A-744A0B4C5232}.Ad-Hoc|Any CPU.ActiveCfg = Release|Any CPU
		{983B7EFF-7E75-4A87-890A-744A0B4C5232}.Ad-Hoc|ARM.ActiveCfg = Release|ARM
		{983B7EFF-7E75-4A87-890A-744A0B4C5232}.Ad-Hoc|iPhone.ActiveCfg = Release|Any CPU
		{983B7EFF-7E75-4A87-890A-744A0B4C5232}.Ad-Hoc|iPhoneSimulator.ActiveCfg = Release|Any CPU
		{983B7EFF-7E75-4A87-890A-744A0B4C5232}.Ad-Hoc|x86.ActiveCfg = Release|x86
		{983B7EFF-7E75-4A87-890A-744A0B4C5232}.AppStore|Any CPU.ActiveCfg = Release|Any CPU
		{983B7EFF-7E75-4A87-890A-744A0B4C5232}.AppStore|ARM.ActiveCfg = Release|ARM
		{983B7EFF-7E75-4A87-890A-744A0B4C5232}.AppStore|iPhone.ActiveCfg = Release|Any CPU
		{983B7EFF-7E75-4A87-890A-744A0B4C5232}.AppStore|iPhoneSimulator.ActiveCfg = Release|Any CPU
		{983B7EFF-7E75-4A87-890A-744A0B4C5232}.AppStore|x86.ActiveCfg = Release|x86
		{983B7EFF-7E75-4A87-890A-744A0B4C5232}.Debug|Any CPU.ActiveCfg = Debug|Any CPU
		{983B7EFF-7E75-4A87-890A-744A0B4C5232}.Debug|Any CPU.Build.0 = Debug|Any CPU
		{983B7EFF-7E75-4A87-890A-744A0B4C5232}.Debug|ARM.ActiveCfg = Debug|ARM
		{983B7EFF-7E75-4A87-890A-744A0B4C5232}.Debug|ARM.Build.0 = Debug|ARM
		{983B7EFF-7E75-4A87-890A-744A0B4C5232}.Debug|iPhone.ActiveCfg = Debug|Any CPU
		{983B7EFF-7E75-4A87-890A-744A0B4C5232}.Debug|iPhoneSimulator.ActiveCfg = Debug|Any CPU
		{983B7EFF-7E75-4A87-890A-744A0B4C5232}.Debug|x86.ActiveCfg = Debug|x86
		{983B7EFF-7E75-4A87-890A-744A0B4C5232}.Debug|x86.Build.0 = Debug|x86
		{983B7EFF-7E75-4A87-890A-744A0B4C5232}.Release|Any CPU.ActiveCfg = Release|Any CPU
		{983B7EFF-7E75-4A87-890A-744A0B4C5232}.Release|Any CPU.Build.0 = Release|Any CPU
		{983B7EFF-7E75-4A87-890A-744A0B4C5232}.Release|ARM.ActiveCfg = Release|ARM
		{983B7EFF-7E75-4A87-890A-744A0B4C5232}.Release|ARM.Build.0 = Release|ARM
		{983B7EFF-7E75-4A87-890A-744A0B4C5232}.Release|iPhone.ActiveCfg = Release|Any CPU
		{983B7EFF-7E75-4A87-890A-744A0B4C5232}.Release|iPhoneSimulator.ActiveCfg = Release|Any CPU
		{983B7EFF-7E75-4A87-890A-744A0B4C5232}.Release|x86.ActiveCfg = Release|x86
		{983B7EFF-7E75-4A87-890A-744A0B4C5232}.Release|x86.Build.0 = Release|x86
		{EAC1DFEF-C6D9-43BE-9D9E-EBCC42652D59}.Ad-Hoc|Any CPU.ActiveCfg = Release|Any CPU
		{EAC1DFEF-C6D9-43BE-9D9E-EBCC42652D59}.Ad-Hoc|Any CPU.Build.0 = Release|Any CPU
		{EAC1DFEF-C6D9-43BE-9D9E-EBCC42652D59}.Ad-Hoc|Any CPU.Deploy.0 = Release|Any CPU
		{EAC1DFEF-C6D9-43BE-9D9E-EBCC42652D59}.Ad-Hoc|ARM.ActiveCfg = Release|Any CPU
		{EAC1DFEF-C6D9-43BE-9D9E-EBCC42652D59}.Ad-Hoc|ARM.Build.0 = Release|Any CPU
		{EAC1DFEF-C6D9-43BE-9D9E-EBCC42652D59}.Ad-Hoc|ARM.Deploy.0 = Release|Any CPU
		{EAC1DFEF-C6D9-43BE-9D9E-EBCC42652D59}.Ad-Hoc|iPhone.ActiveCfg = Release|Any CPU
		{EAC1DFEF-C6D9-43BE-9D9E-EBCC42652D59}.Ad-Hoc|iPhone.Build.0 = Release|Any CPU
		{EAC1DFEF-C6D9-43BE-9D9E-EBCC42652D59}.Ad-Hoc|iPhone.Deploy.0 = Release|Any CPU
		{EAC1DFEF-C6D9-43BE-9D9E-EBCC42652D59}.Ad-Hoc|iPhoneSimulator.ActiveCfg = Release|Any CPU
		{EAC1DFEF-C6D9-43BE-9D9E-EBCC42652D59}.Ad-Hoc|iPhoneSimulator.Build.0 = Release|Any CPU
		{EAC1DFEF-C6D9-43BE-9D9E-EBCC42652D59}.Ad-Hoc|iPhoneSimulator.Deploy.0 = Release|Any CPU
		{EAC1DFEF-C6D9-43BE-9D9E-EBCC42652D59}.Ad-Hoc|x86.ActiveCfg = Release|Any CPU
		{EAC1DFEF-C6D9-43BE-9D9E-EBCC42652D59}.Ad-Hoc|x86.Build.0 = Release|Any CPU
		{EAC1DFEF-C6D9-43BE-9D9E-EBCC42652D59}.Ad-Hoc|x86.Deploy.0 = Release|Any CPU
		{EAC1DFEF-C6D9-43BE-9D9E-EBCC42652D59}.AppStore|Any CPU.ActiveCfg = Release|Any CPU
		{EAC1DFEF-C6D9-43BE-9D9E-EBCC42652D59}.AppStore|Any CPU.Build.0 = Release|Any CPU
		{EAC1DFEF-C6D9-43BE-9D9E-EBCC42652D59}.AppStore|Any CPU.Deploy.0 = Release|Any CPU
		{EAC1DFEF-C6D9-43BE-9D9E-EBCC42652D59}.AppStore|ARM.ActiveCfg = Release|Any CPU
		{EAC1DFEF-C6D9-43BE-9D9E-EBCC42652D59}.AppStore|ARM.Build.0 = Release|Any CPU
		{EAC1DFEF-C6D9-43BE-9D9E-EBCC42652D59}.AppStore|ARM.Deploy.0 = Release|Any CPU
		{EAC1DFEF-C6D9-43BE-9D9E-EBCC42652D59}.AppStore|iPhone.ActiveCfg = Release|Any CPU
		{EAC1DFEF-C6D9-43BE-9D9E-EBCC42652D59}.AppStore|iPhone.Build.0 = Release|Any CPU
		{EAC1DFEF-C6D9-43BE-9D9E-EBCC42652D59}.AppStore|iPhone.Deploy.0 = Release|Any CPU
		{EAC1DFEF-C6D9-43BE-9D9E-EBCC42652D59}.AppStore|iPhoneSimulator.ActiveCfg = Release|Any CPU
		{EAC1DFEF-C6D9-43BE-9D9E-EBCC42652D59}.AppStore|iPhoneSimulator.Build.0 = Release|Any CPU
		{EAC1DFEF-C6D9-43BE-9D9E-EBCC42652D59}.AppStore|iPhoneSimulator.Deploy.0 = Release|Any CPU
		{EAC1DFEF-C6D9-43BE-9D9E-EBCC42652D59}.AppStore|x86.ActiveCfg = Release|Any CPU
		{EAC1DFEF-C6D9-43BE-9D9E-EBCC42652D59}.AppStore|x86.Build.0 = Release|Any CPU
		{EAC1DFEF-C6D9-43BE-9D9E-EBCC42652D59}.AppStore|x86.Deploy.0 = Release|Any CPU
		{EAC1DFEF-C6D9-43BE-9D9E-EBCC42652D59}.Debug|Any CPU.ActiveCfg = Debug|Any CPU
		{EAC1DFEF-C6D9-43BE-9D9E-EBCC42652D59}.Debug|Any CPU.Build.0 = Debug|Any CPU
		{EAC1DFEF-C6D9-43BE-9D9E-EBCC42652D59}.Debug|Any CPU.Deploy.0 = Debug|Any CPU
		{EAC1DFEF-C6D9-43BE-9D9E-EBCC42652D59}.Debug|ARM.ActiveCfg = Debug|Any CPU
		{EAC1DFEF-C6D9-43BE-9D9E-EBCC42652D59}.Debug|ARM.Build.0 = Debug|Any CPU
		{EAC1DFEF-C6D9-43BE-9D9E-EBCC42652D59}.Debug|ARM.Deploy.0 = Debug|Any CPU
		{EAC1DFEF-C6D9-43BE-9D9E-EBCC42652D59}.Debug|iPhone.ActiveCfg = Debug|Any CPU
		{EAC1DFEF-C6D9-43BE-9D9E-EBCC42652D59}.Debug|iPhone.Build.0 = Debug|Any CPU
		{EAC1DFEF-C6D9-43BE-9D9E-EBCC42652D59}.Debug|iPhone.Deploy.0 = Debug|Any CPU
		{EAC1DFEF-C6D9-43BE-9D9E-EBCC42652D59}.Debug|iPhoneSimulator.ActiveCfg = Debug|Any CPU
		{EAC1DFEF-C6D9-43BE-9D9E-EBCC42652D59}.Debug|iPhoneSimulator.Build.0 = Debug|Any CPU
		{EAC1DFEF-C6D9-43BE-9D9E-EBCC42652D59}.Debug|iPhoneSimulator.Deploy.0 = Debug|Any CPU
		{EAC1DFEF-C6D9-43BE-9D9E-EBCC42652D59}.Debug|x86.ActiveCfg = Debug|Any CPU
		{EAC1DFEF-C6D9-43BE-9D9E-EBCC42652D59}.Debug|x86.Build.0 = Debug|Any CPU
		{EAC1DFEF-C6D9-43BE-9D9E-EBCC42652D59}.Debug|x86.Deploy.0 = Debug|Any CPU
		{EAC1DFEF-C6D9-43BE-9D9E-EBCC42652D59}.Release|Any CPU.ActiveCfg = Release|Any CPU
		{EAC1DFEF-C6D9-43BE-9D9E-EBCC42652D59}.Release|Any CPU.Build.0 = Release|Any CPU
		{EAC1DFEF-C6D9-43BE-9D9E-EBCC42652D59}.Release|Any CPU.Deploy.0 = Release|Any CPU
		{EAC1DFEF-C6D9-43BE-9D9E-EBCC42652D59}.Release|ARM.ActiveCfg = Release|Any CPU
		{EAC1DFEF-C6D9-43BE-9D9E-EBCC42652D59}.Release|ARM.Build.0 = Release|Any CPU
		{EAC1DFEF-C6D9-43BE-9D9E-EBCC42652D59}.Release|ARM.Deploy.0 = Release|Any CPU
		{EAC1DFEF-C6D9-43BE-9D9E-EBCC42652D59}.Release|iPhone.ActiveCfg = Release|Any CPU
		{EAC1DFEF-C6D9-43BE-9D9E-EBCC42652D59}.Release|iPhone.Build.0 = Release|Any CPU
		{EAC1DFEF-C6D9-43BE-9D9E-EBCC42652D59}.Release|iPhone.Deploy.0 = Release|Any CPU
		{EAC1DFEF-C6D9-43BE-9D9E-EBCC42652D59}.Release|iPhoneSimulator.ActiveCfg = Release|Any CPU
		{EAC1DFEF-C6D9-43BE-9D9E-EBCC42652D59}.Release|iPhoneSimulator.Build.0 = Release|Any CPU
		{EAC1DFEF-C6D9-43BE-9D9E-EBCC42652D59}.Release|iPhoneSimulator.Deploy.0 = Release|Any CPU
		{EAC1DFEF-C6D9-43BE-9D9E-EBCC42652D59}.Release|x86.ActiveCfg = Release|Any CPU
		{EAC1DFEF-C6D9-43BE-9D9E-EBCC42652D59}.Release|x86.Build.0 = Release|Any CPU
		{EAC1DFEF-C6D9-43BE-9D9E-EBCC42652D59}.Release|x86.Deploy.0 = Release|Any CPU
		{B22E3563-45CB-49C7-8CB9-6F3089F37DAC}.Ad-Hoc|Any CPU.ActiveCfg = Ad-Hoc|iPhone
		{B22E3563-45CB-49C7-8CB9-6F3089F37DAC}.Ad-Hoc|ARM.ActiveCfg = Ad-Hoc|iPhone
		{B22E3563-45CB-49C7-8CB9-6F3089F37DAC}.Ad-Hoc|iPhone.ActiveCfg = Ad-Hoc|iPhone
		{B22E3563-45CB-49C7-8CB9-6F3089F37DAC}.Ad-Hoc|iPhone.Build.0 = Ad-Hoc|iPhone
		{B22E3563-45CB-49C7-8CB9-6F3089F37DAC}.Ad-Hoc|iPhoneSimulator.ActiveCfg = Ad-Hoc|iPhoneSimulator
		{B22E3563-45CB-49C7-8CB9-6F3089F37DAC}.Ad-Hoc|iPhoneSimulator.Build.0 = Ad-Hoc|iPhoneSimulator
		{B22E3563-45CB-49C7-8CB9-6F3089F37DAC}.Ad-Hoc|x86.ActiveCfg = Ad-Hoc|iPhone
		{B22E3563-45CB-49C7-8CB9-6F3089F37DAC}.AppStore|Any CPU.ActiveCfg = AppStore|iPhone
		{B22E3563-45CB-49C7-8CB9-6F3089F37DAC}.AppStore|ARM.ActiveCfg = AppStore|iPhone
		{B22E3563-45CB-49C7-8CB9-6F3089F37DAC}.AppStore|iPhone.ActiveCfg = AppStore|iPhone
		{B22E3563-45CB-49C7-8CB9-6F3089F37DAC}.AppStore|iPhone.Build.0 = AppStore|iPhone
		{B22E3563-45CB-49C7-8CB9-6F3089F37DAC}.AppStore|iPhoneSimulator.ActiveCfg = AppStore|iPhoneSimulator
		{B22E3563-45CB-49C7-8CB9-6F3089F37DAC}.AppStore|iPhoneSimulator.Build.0 = AppStore|iPhoneSimulator
		{B22E3563-45CB-49C7-8CB9-6F3089F37DAC}.AppStore|x86.ActiveCfg = AppStore|iPhone
		{B22E3563-45CB-49C7-8CB9-6F3089F37DAC}.Debug|Any CPU.ActiveCfg = Debug|iPhone
		{B22E3563-45CB-49C7-8CB9-6F3089F37DAC}.Debug|ARM.ActiveCfg = Debug|iPhone
		{B22E3563-45CB-49C7-8CB9-6F3089F37DAC}.Debug|iPhone.ActiveCfg = Debug|iPhone
		{B22E3563-45CB-49C7-8CB9-6F3089F37DAC}.Debug|iPhone.Build.0 = Debug|iPhone
		{B22E3563-45CB-49C7-8CB9-6F3089F37DAC}.Debug|iPhoneSimulator.ActiveCfg = Debug|iPhoneSimulator
		{B22E3563-45CB-49C7-8CB9-6F3089F37DAC}.Debug|iPhoneSimulator.Build.0 = Debug|iPhoneSimulator
		{B22E3563-45CB-49C7-8CB9-6F3089F37DAC}.Debug|x86.ActiveCfg = Debug|iPhone
		{B22E3563-45CB-49C7-8CB9-6F3089F37DAC}.Release|Any CPU.ActiveCfg = Release|iPhone
		{B22E3563-45CB-49C7-8CB9-6F3089F37DAC}.Release|ARM.ActiveCfg = Release|iPhone
		{B22E3563-45CB-49C7-8CB9-6F3089F37DAC}.Release|iPhone.ActiveCfg = Release|iPhone
		{B22E3563-45CB-49C7-8CB9-6F3089F37DAC}.Release|iPhone.Build.0 = Release|iPhone
		{B22E3563-45CB-49C7-8CB9-6F3089F37DAC}.Release|iPhoneSimulator.ActiveCfg = Release|iPhoneSimulator
		{B22E3563-45CB-49C7-8CB9-6F3089F37DAC}.Release|iPhoneSimulator.Build.0 = Release|iPhoneSimulator
		{B22E3563-45CB-49C7-8CB9-6F3089F37DAC}.Release|x86.ActiveCfg = Release|iPhone
		{1A485B44-0E88-4C88-B76F-611D1AA247D9}.Ad-Hoc|Any CPU.ActiveCfg = Debug|Any CPU
		{1A485B44-0E88-4C88-B76F-611D1AA247D9}.Ad-Hoc|Any CPU.Build.0 = Debug|Any CPU
		{1A485B44-0E88-4C88-B76F-611D1AA247D9}.Ad-Hoc|ARM.ActiveCfg = Debug|Any CPU
		{1A485B44-0E88-4C88-B76F-611D1AA247D9}.Ad-Hoc|ARM.Build.0 = Debug|Any CPU
		{1A485B44-0E88-4C88-B76F-611D1AA247D9}.Ad-Hoc|iPhone.ActiveCfg = Debug|Any CPU
		{1A485B44-0E88-4C88-B76F-611D1AA247D9}.Ad-Hoc|iPhone.Build.0 = Debug|Any CPU
		{1A485B44-0E88-4C88-B76F-611D1AA247D9}.Ad-Hoc|iPhoneSimulator.ActiveCfg = Debug|Any CPU
		{1A485B44-0E88-4C88-B76F-611D1AA247D9}.Ad-Hoc|iPhoneSimulator.Build.0 = Debug|Any CPU
		{1A485B44-0E88-4C88-B76F-611D1AA247D9}.Ad-Hoc|x86.ActiveCfg = Debug|Any CPU
		{1A485B44-0E88-4C88-B76F-611D1AA247D9}.Ad-Hoc|x86.Build.0 = Debug|Any CPU
		{1A485B44-0E88-4C88-B76F-611D1AA247D9}.AppStore|Any CPU.ActiveCfg = Debug|Any CPU
		{1A485B44-0E88-4C88-B76F-611D1AA247D9}.AppStore|Any CPU.Build.0 = Debug|Any CPU
		{1A485B44-0E88-4C88-B76F-611D1AA247D9}.AppStore|ARM.ActiveCfg = Debug|Any CPU
		{1A485B44-0E88-4C88-B76F-611D1AA247D9}.AppStore|ARM.Build.0 = Debug|Any CPU
		{1A485B44-0E88-4C88-B76F-611D1AA247D9}.AppStore|iPhone.ActiveCfg = Debug|Any CPU
		{1A485B44-0E88-4C88-B76F-611D1AA247D9}.AppStore|iPhone.Build.0 = Debug|Any CPU
		{1A485B44-0E88-4C88-B76F-611D1AA247D9}.AppStore|iPhoneSimulator.ActiveCfg = Debug|Any CPU
		{1A485B44-0E88-4C88-B76F-611D1AA247D9}.AppStore|iPhoneSimulator.Build.0 = Debug|Any CPU
		{1A485B44-0E88-4C88-B76F-611D1AA247D9}.AppStore|x86.ActiveCfg = Debug|Any CPU
		{1A485B44-0E88-4C88-B76F-611D1AA247D9}.AppStore|x86.Build.0 = Debug|Any CPU
		{1A485B44-0E88-4C88-B76F-611D1AA247D9}.Debug|Any CPU.ActiveCfg = Debug|Any CPU
		{1A485B44-0E88-4C88-B76F-611D1AA247D9}.Debug|Any CPU.Build.0 = Debug|Any CPU
		{1A485B44-0E88-4C88-B76F-611D1AA247D9}.Debug|ARM.ActiveCfg = Debug|Any CPU
		{1A485B44-0E88-4C88-B76F-611D1AA247D9}.Debug|ARM.Build.0 = Debug|Any CPU
		{1A485B44-0E88-4C88-B76F-611D1AA247D9}.Debug|iPhone.ActiveCfg = Debug|Any CPU
		{1A485B44-0E88-4C88-B76F-611D1AA247D9}.Debug|iPhone.Build.0 = Debug|Any CPU
		{1A485B44-0E88-4C88-B76F-611D1AA247D9}.Debug|iPhoneSimulator.ActiveCfg = Debug|Any CPU
		{1A485B44-0E88-4C88-B76F-611D1AA247D9}.Debug|iPhoneSimulator.Build.0 = Debug|Any CPU
		{1A485B44-0E88-4C88-B76F-611D1AA247D9}.Debug|x86.ActiveCfg = Debug|Any CPU
		{1A485B44-0E88-4C88-B76F-611D1AA247D9}.Debug|x86.Build.0 = Debug|Any CPU
		{1A485B44-0E88-4C88-B76F-611D1AA247D9}.Release|Any CPU.ActiveCfg = Release|Any CPU
		{1A485B44-0E88-4C88-B76F-611D1AA247D9}.Release|Any CPU.Build.0 = Release|Any CPU
		{1A485B44-0E88-4C88-B76F-611D1AA247D9}.Release|ARM.ActiveCfg = Release|Any CPU
		{1A485B44-0E88-4C88-B76F-611D1AA247D9}.Release|ARM.Build.0 = Release|Any CPU
		{1A485B44-0E88-4C88-B76F-611D1AA247D9}.Release|iPhone.ActiveCfg = Release|Any CPU
		{1A485B44-0E88-4C88-B76F-611D1AA247D9}.Release|iPhone.Build.0 = Release|Any CPU
		{1A485B44-0E88-4C88-B76F-611D1AA247D9}.Release|iPhoneSimulator.ActiveCfg = Release|Any CPU
		{1A485B44-0E88-4C88-B76F-611D1AA247D9}.Release|iPhoneSimulator.Build.0 = Release|Any CPU
		{1A485B44-0E88-4C88-B76F-611D1AA247D9}.Release|x86.ActiveCfg = Release|Any CPU
		{1A485B44-0E88-4C88-B76F-611D1AA247D9}.Release|x86.Build.0 = Release|Any CPU
	EndGlobalSection
	GlobalSection(SolutionProperties) = preSolution
		HideSolutionNode = FALSE
	EndGlobalSection
	GlobalSection(NestedProjects) = preSolution
		{EAC1DFEF-C6D9-43BE-9D9E-EBCC42652D59} = {9B9ADC41-1656-4A6A-BCF7-44B156F63FA6}
		{B22E3563-45CB-49C7-8CB9-6F3089F37DAC} = {9B9ADC41-1656-4A6A-BCF7-44B156F63FA6}
		{1A485B44-0E88-4C88-B76F-611D1AA247D9} = {9B9ADC41-1656-4A6A-BCF7-44B156F63FA6}
	EndGlobalSection
	GlobalSection(ExtensibilityGlobals) = postSolution
		SolutionGuid = {A427040B-A0EB-4D90-A4B1-92CFAB2E077B}
	EndGlobalSection
EndGlobal
