
Microsoft Visual Studio Solution File, Format Version 12.00
# Visual Studio 15
VisualStudioVersion = 15.0.26730.10
MinimumVisualStudioVersion = 10.0.40219.1


Project("{9A19103F-16F7-4668-BE54-9A1E7A4F7556}") = "Sample", "Sample\Sample\Sample.csproj", "{3DB64968-1E58-4C62-8B51-8BACE760B179}"
EndProject

Project("{FAE04EC0-301F-11D3-BF4B-00C04F79EFBC}") = "Sample.iOS", "Sample\Sample.iOS\Sample.iOS.csproj", "{B22E3563-45CB-49C7-8CB9-6F3089F37DAC}"
EndProject


Project("{FAE04EC0-301F-11D3-BF4B-00C04F79EFBC}") = "Sample.Android", "Sample\Sample.Android\Sample.Android.csproj", "{EAC1DFEF-C6D9-43BE-9D9E-EBCC42652D59}"
EndProject


Global
	GlobalSection(SolutionConfigurationPlatforms) = preSolution
		Ad-Hoc|Any CPU = Ad-Hoc|Any CPU
		Ad-Hoc|ARM = Ad-Hoc|ARM
		Ad-Hoc|iPhone = Ad-Hoc|iPhone
		Ad-Hoc|iPhoneSimulator = Ad-Hoc|iPhoneSimulator
		Ad-Hoc|x64 = Ad-Hoc|x64
		Ad-Hoc|x86 = Ad-Hoc|x86
		AppStore|Any CPU = AppStore|Any CPU
		AppStore|ARM = AppStore|ARM
		AppStore|iPhone = AppStore|iPhone
		AppStore|iPhoneSimulator = AppStore|iPhoneSimulator
		AppStore|x64 = AppStore|x64
		AppStore|x86 = AppStore|x86
		Debug|Any CPU = Debug|Any CPU
		Debug|ARM = Debug|ARM
		Debug|iPhone = Debug|iPhone
		Debug|iPhoneSimulator = Debug|iPhoneSimulator
		Debug|x64 = Debug|x64
		Debug|x86 = Debug|x86
		Release|Any CPU = Release|Any CPU
		Release|ARM = Release|ARM
		Release|iPhone = Release|iPhone
		Release|iPhoneSimulator = Release|iPhoneSimulator
		Release|x64 = Release|x64
		Release|x86 = Release|x86
	EndGlobalSection
	GlobalSection(ProjectConfigurationPlatforms) = postSolution
		{3DB64968-1E58-4C62-8B51-8BACE760B179}.Ad-Hoc|Any CPU.ActiveCfg = Debug|Any CPU
		{3DB64968-1E58-4C62-8B51-8BACE760B179}.Ad-Hoc|Any CPU.Build.0 = Debug|Any CPU
		{3DB64968-1E58-4C62-8B51-8BACE760B179}.Ad-Hoc|ARM.ActiveCfg = Debug|Any CPU
		{3DB64968-1E58-4C62-8B51-8BACE760B179}.Ad-Hoc|ARM.Build.0 = Debug|Any CPU
		{3DB64968-1E58-4C62-8B51-8BACE760B179}.Ad-Hoc|iPhone.ActiveCfg = Debug|Any CPU
		{3DB64968-1E58-4C62-8B51-8BACE760B179}.Ad-Hoc|iPhone.Build.0 = Debug|Any CPU
		{3DB64968-1E58-4C62-8B51-8BACE760B179}.Ad-Hoc|iPhoneSimulator.ActiveCfg = Debug|Any CPU
		{3DB64968-1E58-4C62-8B51-8BACE760B179}.Ad-Hoc|iPhoneSimulator.Build.0 = Debug|Any CPU
		{3DB64968-1E58-4C62-8B51-8BACE760B179}.Ad-Hoc|x64.ActiveCfg = Debug|Any CPU
		{3DB64968-1E58-4C62-8B51-8BACE760B179}.Ad-Hoc|x64.Build.0 = Debug|Any CPU
		{3DB64968-1E58-4C62-8B51-8BACE760B179}.Ad-Hoc|x86.ActiveCfg = Debug|Any CPU
		{3DB64968-1E58-4C62-8B51-8BACE760B179}.Ad-Hoc|x86.Build.0 = Debug|Any CPU
		{3DB64968-1E58-4C62-8B51-8BACE760B179}.AppStore|Any CPU.ActiveCfg = Debug|Any CPU
		{3DB64968-1E58-4C62-8B51-8BACE760B179}.AppStore|Any CPU.Build.0 = Debug|Any CPU
		{3DB64968-1E58-4C62-8B51-8BACE760B179}.AppStore|ARM.ActiveCfg = Debug|Any CPU
		{3DB64968-1E58-4C62-8B51-8BACE760B179}.AppStore|ARM.Build.0 = Debug|Any CPU
		{3DB64968-1E58-4C62-8B51-8BACE760B179}.AppStore|iPhone.ActiveCfg = Debug|Any CPU
		{3DB64968-1E58-4C62-8B51-8BACE760B179}.AppStore|iPhone.Build.0 = Debug|Any CPU
		{3DB64968-1E58-4C62-8B51-8BACE760B179}.AppStore|iPhoneSimulator.ActiveCfg = Debug|Any CPU
		{3DB64968-1E58-4C62-8B51-8BACE760B179}.AppStore|iPhoneSimulator.Build.0 = Debug|Any CPU
		{3DB64968-1E58-4C62-8B51-8BACE760B179}.AppStore|x64.ActiveCfg = Debug|Any CPU
		{3DB64968-1E58-4C62-8B51-8BACE760B179}.AppStore|x64.Build.0 = Debug|Any CPU
		{3DB64968-1E58-4C62-8B51-8BACE760B179}.AppStore|x86.ActiveCfg = Debug|Any CPU
		{3DB64968-1E58-4C62-8B51-8BACE760B179}.AppStore|x86.Build.0 = Debug|Any CPU
		{3DB64968-1E58-4C62-8B51-8BACE760B179}.Debug|Any CPU.ActiveCfg = Debug|Any CPU
		{3DB64968-1E58-4C62-8B51-8BACE760B179}.Debug|Any CPU.Build.0 = Debug|Any CPU
		{3DB64968-1E58-4C62-8B51-8BACE760B179}.Debug|ARM.ActiveCfg = Debug|Any CPU
		{3DB64968-1E58-4C62-8B51-8BACE760B179}.Debug|ARM.Build.0 = Debug|Any CPU
		{3DB64968-1E58-4C62-8B51-8BACE760B179}.Debug|iPhone.ActiveCfg = Debug|Any CPU
		{3DB64968-1E58-4C62-8B51-8BACE760B179}.Debug|iPhone.Build.0 = Debug|Any CPU
		{3DB64968-1E58-4C62-8B51-8BACE760B179}.Debug|iPhoneSimulator.ActiveCfg = Debug|Any CPU
		{3DB64968-1E58-4C62-8B51-8BACE760B179}.Debug|iPhoneSimulator.Build.0 = Debug|Any CPU
		{3DB64968-1E58-4C62-8B51-8BACE760B179}.Debug|x64.ActiveCfg = Debug|Any CPU
		{3DB64968-1E58-4C62-8B51-8BACE760B179}.Debug|x64.Build.0 = Debug|Any CPU
		{3DB64968-1E58-4C62-8B51-8BACE760B179}.Debug|x86.ActiveCfg = Debug|Any CPU
		{3DB64968-1E58-4C62-8B51-8BACE760B179}.Debug|x86.Build.0 = Debug|Any CPU
		{3DB64968-1E58-4C62-8B51-8BACE760B179}.Release|Any CPU.ActiveCfg = Release|Any CPU
		{3DB64968-1E58-4C62-8B51-8BACE760B179}.Release|Any CPU.Build.0 = Release|Any CPU
		{3DB64968-1E58-4C62-8B51-8BACE760B179}.Release|ARM.ActiveCfg = Release|Any CPU
		{3DB64968-1E58-4C62-8B51-8BACE760B179}.Release|ARM.Build.0 = Release|Any CPU
		{3DB64968-1E58-4C62-8B51-8BACE760B179}.Release|iPhone.ActiveCfg = Release|Any CPU
		{3DB64968-1E58-4C62-8B51-8BACE760B179}.Release|iPhone.Build.0 = Release|Any CPU
		{3DB64968-1E58-4C62-8B51-8BACE760B179}.Release|iPhoneSimulator.ActiveCfg = Release|Any CPU
		{3DB64968-1E58-4C62-8B51-8BACE760B179}.Release|iPhoneSimulator.Build.0 = Release|Any CPU
		{3DB64968-1E58-4C62-8B51-8BACE760B179}.Release|x64.ActiveCfg = Release|Any CPU
		{3DB64968-1E58-4C62-8B51-8BACE760B179}.Release|x64.Build.0 = Release|Any CPU
		{3DB64968-1E58-4C62-8B51-8BACE760B179}.Release|x86.ActiveCfg = Release|Any CPU
		{3DB64968-1E58-4C62-8B51-8BACE760B179}.Release|x86.Build.0 = Release|Any CPU
		{B22E3563-45CB-49C7-8CB9-6F3089F37DAC}.Ad-Hoc|Any CPU.ActiveCfg = Ad-Hoc|iPhone
		{B22E3563-45CB-49C7-8CB9-6F3089F37DAC}.Ad-Hoc|ARM.ActiveCfg = Ad-Hoc|iPhone
		{B22E3563-45CB-49C7-8CB9-6F3089F37DAC}.Ad-Hoc|iPhone.ActiveCfg = Ad-Hoc|iPhone
		{B22E3563-45CB-49C7-8CB9-6F3089F37DAC}.Ad-Hoc|iPhone.Build.0 = Ad-Hoc|iPhone
		{B22E3563-45CB-49C7-8CB9-6F3089F37DAC}.Ad-Hoc|iPhoneSimulator.ActiveCfg = Ad-Hoc|iPhoneSimulator
		{B22E3563-45CB-49C7-8CB9-6F3089F37DAC}.Ad-Hoc|iPhoneSimulator.Build.0 = Ad-Hoc|iPhoneSimulator
		{B22E3563-45CB-49C7-8CB9-6F3089F37DAC}.Ad-Hoc|x64.ActiveCfg = Ad-Hoc|iPhone
		{B22E3563-45CB-49C7-8CB9-6F3089F37DAC}.Ad-Hoc|x86.ActiveCfg = Ad-Hoc|iPhone
		{B22E3563-45CB-49C7-8CB9-6F3089F37DAC}.AppStore|Any CPU.ActiveCfg = AppStore|iPhone
		{B22E3563-45CB-49C7-8CB9-6F3089F37DAC}.AppStore|ARM.ActiveCfg = AppStore|iPhone
		{B22E3563-45CB-49C7-8CB9-6F3089F37DAC}.AppStore|iPhone.ActiveCfg = AppStore|iPhone
		{B22E3563-45CB-49C7-8CB9-6F3089F37DAC}.AppStore|iPhone.Build.0 = AppStore|iPhone
		{B22E3563-45CB-49C7-8CB9-6F3089F37DAC}.AppStore|iPhoneSimulator.ActiveCfg = AppStore|iPhoneSimulator
		{B22E3563-45CB-49C7-8CB9-6F3089F37DAC}.AppStore|iPhoneSimulator.Build.0 = AppStore|iPhoneSimulator
		{B22E3563-45CB-49C7-8CB9-6F3089F37DAC}.AppStore|x64.ActiveCfg = AppStore|iPhone
		{B22E3563-45CB-49C7-8CB9-6F3089F37DAC}.AppStore|x86.ActiveCfg = AppStore|iPhone
		{B22E3563-45CB-49C7-8CB9-6F3089F37DAC}.Debug|Any CPU.ActiveCfg = Debug|iPhone
		{B22E3563-45CB-49C7-8CB9-6F3089F37DAC}.Debug|ARM.ActiveCfg = Debug|iPhone
		{B22E3563-45CB-49C7-8CB9-6F3089F37DAC}.Debug|iPhone.ActiveCfg = Debug|iPhone
		{B22E3563-45CB-49C7-8CB9-6F3089F37DAC}.Debug|iPhone.Build.0 = Debug|iPhone
		{B22E3563-45CB-49C7-8CB9-6F3089F37DAC}.Debug|iPhoneSimulator.ActiveCfg = Debug|iPhoneSimulator
		{B22E3563-45CB-49C7-8CB9-6F3089F37DAC}.Debug|iPhoneSimulator.Build.0 = Debug|iPhoneSimulator
		{B22E3563-45CB-49C7-8CB9-6F3089F37DAC}.Debug|x64.ActiveCfg = Debug|iPhone
		{B22E3563-45CB-49C7-8CB9-6F3089F37DAC}.Debug|x86.ActiveCfg = Debug|iPhone
		{B22E3563-45CB-49C7-8CB9-6F3089F37DAC}.Release|Any CPU.ActiveCfg = Release|iPhone
		{B22E3563-45CB-49C7-8CB9-6F3089F37DAC}.Release|ARM.ActiveCfg = Release|iPhone
		{B22E3563-45CB-49C7-8CB9-6F3089F37DAC}.Release|iPhone.ActiveCfg = Release|iPhone
		{B22E3563-45CB-49C7-8CB9-6F3089F37DAC}.Release|iPhone.Build.0 = Release|iPhone
		{B22E3563-45CB-49C7-8CB9-6F3089F37DAC}.Release|iPhoneSimulator.ActiveCfg = Release|iPhoneSimulator
		{B22E3563-45CB-49C7-8CB9-6F3089F37DAC}.Release|iPhoneSimulator.Build.0 = Release|iPhoneSimulator
		{B22E3563-45CB-49C7-8CB9-6F3089F37DAC}.Release|x64.ActiveCfg = Release|iPhone
		{B22E3563-45CB-49C7-8CB9-6F3089F37DAC}.Release|x86.ActiveCfg = Release|iPhone
		{E31BF13C-02F8-4B9B-92F0-A856673A0CBA}.Ad-Hoc|Any CPU.ActiveCfg = Release|x86
		{E31BF13C-02F8-4B9B-92F0-A856673A0CBA}.Ad-Hoc|Any CPU.Build.0 = Release|x86
		{E31BF13C-02F8-4B9B-92F0-A856673A0CBA}.Ad-Hoc|Any CPU.Deploy.0 = Release|x86
		{E31BF13C-02F8-4B9B-92F0-A856673A0CBA}.Ad-Hoc|ARM.ActiveCfg = Release|ARM
		{E31BF13C-02F8-4B9B-92F0-A856673A0CBA}.Ad-Hoc|ARM.Build.0 = Release|ARM
		{E31BF13C-02F8-4B9B-92F0-A856673A0CBA}.Ad-Hoc|ARM.Deploy.0 = Release|ARM
		{E31BF13C-02F8-4B9B-92F0-A856673A0CBA}.Ad-Hoc|iPhone.ActiveCfg = Release|x86
		{E31BF13C-02F8-4B9B-92F0-A856673A0CBA}.Ad-Hoc|iPhone.Build.0 = Release|x86
		{E31BF13C-02F8-4B9B-92F0-A856673A0CBA}.Ad-Hoc|iPhone.Deploy.0 = Release|x86
		{E31BF13C-02F8-4B9B-92F0-A856673A0CBA}.Ad-Hoc|iPhoneSimulator.ActiveCfg = Release|x86
		{E31BF13C-02F8-4B9B-92F0-A856673A0CBA}.Ad-Hoc|iPhoneSimulator.Build.0 = Release|x86
		{E31BF13C-02F8-4B9B-92F0-A856673A0CBA}.Ad-Hoc|iPhoneSimulator.Deploy.0 = Release|x86
		{E31BF13C-02F8-4B9B-92F0-A856673A0CBA}.Ad-Hoc|x64.ActiveCfg = Release|x64
		{E31BF13C-02F8-4B9B-92F0-A856673A0CBA}.Ad-Hoc|x64.Build.0 = Release|x64
		{E31BF13C-02F8-4B9B-92F0-A856673A0CBA}.Ad-Hoc|x64.Deploy.0 = Release|x64
		{E31BF13C-02F8-4B9B-92F0-A856673A0CBA}.Ad-Hoc|x86.ActiveCfg = Release|x86
		{E31BF13C-02F8-4B9B-92F0-A856673A0CBA}.Ad-Hoc|x86.Build.0 = Release|x86
		{E31BF13C-02F8-4B9B-92F0-A856673A0CBA}.Ad-Hoc|x86.Deploy.0 = Release|x86
		{E31BF13C-02F8-4B9B-92F0-A856673A0CBA}.AppStore|Any CPU.ActiveCfg = Release|x86
		{E31BF13C-02F8-4B9B-92F0-A856673A0CBA}.AppStore|Any CPU.Build.0 = Release|x86
		{E31BF13C-02F8-4B9B-92F0-A856673A0CBA}.AppStore|Any CPU.Deploy.0 = Release|x86
		{E31BF13C-02F8-4B9B-92F0-A856673A0CBA}.AppStore|ARM.ActiveCfg = Release|ARM
		{E31BF13C-02F8-4B9B-92F0-A856673A0CBA}.AppStore|ARM.Build.0 = Release|ARM
		{E31BF13C-02F8-4B9B-92F0-A856673A0CBA}.AppStore|ARM.Deploy.0 = Release|ARM
		{E31BF13C-02F8-4B9B-92F0-A856673A0CBA}.AppStore|iPhone.ActiveCfg = Release|x86
		{E31BF13C-02F8-4B9B-92F0-A856673A0CBA}.AppStore|iPhone.Build.0 = Release|x86
		{E31BF13C-02F8-4B9B-92F0-A856673A0CBA}.AppStore|iPhone.Deploy.0 = Release|x86
		{E31BF13C-02F8-4B9B-92F0-A856673A0CBA}.AppStore|iPhoneSimulator.ActiveCfg = Release|x86
		{E31BF13C-02F8-4B9B-92F0-A856673A0CBA}.AppStore|iPhoneSimulator.Build.0 = Release|x86
		{E31BF13C-02F8-4B9B-92F0-A856673A0CBA}.AppStore|iPhoneSimulator.Deploy.0 = Release|x86
		{E31BF13C-02F8-4B9B-92F0-A856673A0CBA}.AppStore|x64.ActiveCfg = Release|x64
		{E31BF13C-02F8-4B9B-92F0-A856673A0CBA}.AppStore|x64.Build.0 = Release|x64
		{E31BF13C-02F8-4B9B-92F0-A856673A0CBA}.AppStore|x64.Deploy.0 = Release|x64
		{E31BF13C-02F8-4B9B-92F0-A856673A0CBA}.AppStore|x86.ActiveCfg = Release|x86
		{E31BF13C-02F8-4B9B-92F0-A856673A0CBA}.AppStore|x86.Build.0 = Release|x86
		{E31BF13C-02F8-4B9B-92F0-A856673A0CBA}.AppStore|x86.Deploy.0 = Release|x86
		{E31BF13C-02F8-4B9B-92F0-A856673A0CBA}.Debug|Any CPU.ActiveCfg = Debug|x86
		{E31BF13C-02F8-4B9B-92F0-A856673A0CBA}.Debug|ARM.ActiveCfg = Debug|ARM
		{E31BF13C-02F8-4B9B-92F0-A856673A0CBA}.Debug|ARM.Build.0 = Debug|ARM
		{E31BF13C-02F8-4B9B-92F0-A856673A0CBA}.Debug|ARM.Deploy.0 = Debug|ARM
		{E31BF13C-02F8-4B9B-92F0-A856673A0CBA}.Debug|iPhone.ActiveCfg = Debug|x86
		{E31BF13C-02F8-4B9B-92F0-A856673A0CBA}.Debug|iPhoneSimulator.ActiveCfg = Debug|x86
		{E31BF13C-02F8-4B9B-92F0-A856673A0CBA}.Debug|x64.ActiveCfg = Debug|x64
		{E31BF13C-02F8-4B9B-92F0-A856673A0CBA}.Debug|x64.Build.0 = Debug|x64
		{E31BF13C-02F8-4B9B-92F0-A856673A0CBA}.Debug|x64.Deploy.0 = Debug|x64
		{E31BF13C-02F8-4B9B-92F0-A856673A0CBA}.Debug|x86.ActiveCfg = Debug|x86
		{E31BF13C-02F8-4B9B-92F0-A856673A0CBA}.Debug|x86.Build.0 = Debug|x86
		{E31BF13C-02F8-4B9B-92F0-A856673A0CBA}.Debug|x86.Deploy.0 = Debug|x86
		{E31BF13C-02F8-4B9B-92F0-A856673A0CBA}.Release|Any CPU.ActiveCfg = Release|x86
		{E31BF13C-02F8-4B9B-92F0-A856673A0CBA}.Release|ARM.ActiveCfg = Release|ARM
		{E31BF13C-02F8-4B9B-92F0-A856673A0CBA}.Release|ARM.Build.0 = Release|ARM
		{E31BF13C-02F8-4B9B-92F0-A856673A0CBA}.Release|ARM.Deploy.0 = Release|ARM
		{E31BF13C-02F8-4B9B-92F0-A856673A0CBA}.Release|iPhone.ActiveCfg = Release|x86
		{E31BF13C-02F8-4B9B-92F0-A856673A0CBA}.Release|iPhoneSimulator.ActiveCfg = Release|x86
		{E31BF13C-02F8-4B9B-92F0-A856673A0CBA}.Release|x64.ActiveCfg = Release|x64
		{E31BF13C-02F8-4B9B-92F0-A856673A0CBA}.Release|x64.Build.0 = Release|x64
		{E31BF13C-02F8-4B9B-92F0-A856673A0CBA}.Release|x64.Deploy.0 = Release|x64
		{E31BF13C-02F8-4B9B-92F0-A856673A0CBA}.Release|x86.ActiveCfg = Release|x86
		{E31BF13C-02F8-4B9B-92F0-A856673A0CBA}.Release|x86.Build.0 = Release|x86
		{E31BF13C-02F8-4B9B-92F0-A856673A0CBA}.Release|x86.Deploy.0 = Release|x86
		{20FDA6ED-B68E-4610-807B-F358668F181E}.Ad-Hoc|Any CPU.ActiveCfg = Release|Any CPU
		{20FDA6ED-B68E-4610-807B-F358668F181E}.Ad-Hoc|Any CPU.Build.0 = Release|Any CPU
		{20FDA6ED-B68E-4610-807B-F358668F181E}.Ad-Hoc|Any CPU.Deploy.0 = Release|Any CPU
		{20FDA6ED-B68E-4610-807B-F358668F181E}.Ad-Hoc|ARM.ActiveCfg = Release|Any CPU
		{20FDA6ED-B68E-4610-807B-F358668F181E}.Ad-Hoc|ARM.Build.0 = Release|Any CPU
		{20FDA6ED-B68E-4610-807B-F358668F181E}.Ad-Hoc|ARM.Deploy.0 = Release|Any CPU
		{20FDA6ED-B68E-4610-807B-F358668F181E}.Ad-Hoc|iPhone.ActiveCfg = Release|Any CPU
		{20FDA6ED-B68E-4610-807B-F358668F181E}.Ad-Hoc|iPhone.Build.0 = Release|Any CPU
		{20FDA6ED-B68E-4610-807B-F358668F181E}.Ad-Hoc|iPhone.Deploy.0 = Release|Any CPU
		{20FDA6ED-B68E-4610-807B-F358668F181E}.Ad-Hoc|iPhoneSimulator.ActiveCfg = Release|Any CPU
		{20FDA6ED-B68E-4610-807B-F358668F181E}.Ad-Hoc|iPhoneSimulator.Build.0 = Release|Any CPU
		{20FDA6ED-B68E-4610-807B-F358668F181E}.Ad-Hoc|iPhoneSimulator.Deploy.0 = Release|Any CPU
		{20FDA6ED-B68E-4610-807B-F358668F181E}.Ad-Hoc|x64.ActiveCfg = Release|Any CPU
		{20FDA6ED-B68E-4610-807B-F358668F181E}.Ad-Hoc|x64.Build.0 = Release|Any CPU
		{20FDA6ED-B68E-4610-807B-F358668F181E}.Ad-Hoc|x64.Deploy.0 = Release|Any CPU
		{20FDA6ED-B68E-4610-807B-F358668F181E}.Ad-Hoc|x86.ActiveCfg = Release|Any CPU
		{20FDA6ED-B68E-4610-807B-F358668F181E}.Ad-Hoc|x86.Build.0 = Release|Any CPU
		{20FDA6ED-B68E-4610-807B-F358668F181E}.Ad-Hoc|x86.Deploy.0 = Release|Any CPU
		{20FDA6ED-B68E-4610-807B-F358668F181E}.AppStore|Any CPU.ActiveCfg = Release|Any CPU
		{20FDA6ED-B68E-4610-807B-F358668F181E}.AppStore|Any CPU.Build.0 = Release|Any CPU
		{20FDA6ED-B68E-4610-807B-F358668F181E}.AppStore|Any CPU.Deploy.0 = Release|Any CPU
		{20FDA6ED-B68E-4610-807B-F358668F181E}.AppStore|ARM.ActiveCfg = Release|Any CPU
		{20FDA6ED-B68E-4610-807B-F358668F181E}.AppStore|ARM.Build.0 = Release|Any CPU
		{20FDA6ED-B68E-4610-807B-F358668F181E}.AppStore|ARM.Deploy.0 = Release|Any CPU
		{20FDA6ED-B68E-4610-807B-F358668F181E}.AppStore|iPhone.ActiveCfg = Release|Any CPU
		{20FDA6ED-B68E-4610-807B-F358668F181E}.AppStore|iPhone.Build.0 = Release|Any CPU
		{20FDA6ED-B68E-4610-807B-F358668F181E}.AppStore|iPhone.Deploy.0 = Release|Any CPU
		{20FDA6ED-B68E-4610-807B-F358668F181E}.AppStore|iPhoneSimulator.ActiveCfg = Release|Any CPU
		{20FDA6ED-B68E-4610-807B-F358668F181E}.AppStore|iPhoneSimulator.Build.0 = Release|Any CPU
		{20FDA6ED-B68E-4610-807B-F358668F181E}.AppStore|iPhoneSimulator.Deploy.0 = Release|Any CPU
		{20FDA6ED-B68E-4610-807B-F358668F181E}.AppStore|x64.ActiveCfg = Release|Any CPU
		{20FDA6ED-B68E-4610-807B-F358668F181E}.AppStore|x64.Build.0 = Release|Any CPU
		{20FDA6ED-B68E-4610-807B-F358668F181E}.AppStore|x64.Deploy.0 = Release|Any CPU
		{20FDA6ED-B68E-4610-807B-F358668F181E}.AppStore|x86.ActiveCfg = Release|Any CPU
		{20FDA6ED-B68E-4610-807B-F358668F181E}.AppStore|x86.Build.0 = Release|Any CPU
		{20FDA6ED-B68E-4610-807B-F358668F181E}.AppStore|x86.Deploy.0 = Release|Any CPU
		{20FDA6ED-B68E-4610-807B-F358668F181E}.Debug|Any CPU.ActiveCfg = Debug|Any CPU
		{20FDA6ED-B68E-4610-807B-F358668F181E}.Debug|Any CPU.Build.0 = Debug|Any CPU
		{20FDA6ED-B68E-4610-807B-F358668F181E}.Debug|Any CPU.Deploy.0 = Debug|Any CPU
		{20FDA6ED-B68E-4610-807B-F358668F181E}.Debug|ARM.ActiveCfg = Debug|Any CPU
		{20FDA6ED-B68E-4610-807B-F358668F181E}.Debug|ARM.Build.0 = Debug|Any CPU
		{20FDA6ED-B68E-4610-807B-F358668F181E}.Debug|ARM.Deploy.0 = Debug|Any CPU
		{20FDA6ED-B68E-4610-807B-F358668F181E}.Debug|iPhone.ActiveCfg = Debug|Any CPU
		{20FDA6ED-B68E-4610-807B-F358668F181E}.Debug|iPhone.Build.0 = Debug|Any CPU
		{20FDA6ED-B68E-4610-807B-F358668F181E}.Debug|iPhone.Deploy.0 = Debug|Any CPU
		{20FDA6ED-B68E-4610-807B-F358668F181E}.Debug|iPhoneSimulator.ActiveCfg = Debug|Any CPU
		{20FDA6ED-B68E-4610-807B-F358668F181E}.Debug|iPhoneSimulator.Build.0 = Debug|Any CPU
		{20FDA6ED-B68E-4610-807B-F358668F181E}.Debug|iPhoneSimulator.Deploy.0 = Debug|Any CPU
		{20FDA6ED-B68E-4610-807B-F358668F181E}.Debug|x64.ActiveCfg = Debug|Any CPU
		{20FDA6ED-B68E-4610-807B-F358668F181E}.Debug|x64.Build.0 = Debug|Any CPU
		{20FDA6ED-B68E-4610-807B-F358668F181E}.Debug|x64.Deploy.0 = Debug|Any CPU
		{20FDA6ED-B68E-4610-807B-F358668F181E}.Debug|x86.ActiveCfg = Debug|Any CPU
		{20FDA6ED-B68E-4610-807B-F358668F181E}.Debug|x86.Build.0 = Debug|Any CPU
		{20FDA6ED-B68E-4610-807B-F358668F181E}.Debug|x86.Deploy.0 = Debug|Any CPU
		{20FDA6ED-B68E-4610-807B-F358668F181E}.Release|Any CPU.ActiveCfg = Release|Any CPU
		{20FDA6ED-B68E-4610-807B-F358668F181E}.Release|Any CPU.Build.0 = Release|Any CPU
		{20FDA6ED-B68E-4610-807B-F358668F181E}.Release|Any CPU.Deploy.0 = Release|Any CPU
		{20FDA6ED-B68E-4610-807B-F358668F181E}.Release|ARM.ActiveCfg = Release|Any CPU
		{20FDA6ED-B68E-4610-807B-F358668F181E}.Release|ARM.Build.0 = Release|Any CPU
		{20FDA6ED-B68E-4610-807B-F358668F181E}.Release|ARM.Deploy.0 = Release|Any CPU
		{20FDA6ED-B68E-4610-807B-F358668F181E}.Release|iPhone.ActiveCfg = Release|Any CPU
		{20FDA6ED-B68E-4610-807B-F358668F181E}.Release|iPhone.Build.0 = Release|Any CPU
		{20FDA6ED-B68E-4610-807B-F358668F181E}.Release|iPhone.Deploy.0 = Release|Any CPU
		{20FDA6ED-B68E-4610-807B-F358668F181E}.Release|iPhoneSimulator.ActiveCfg = Release|Any CPU
		{20FDA6ED-B68E-4610-807B-F358668F181E}.Release|iPhoneSimulator.Build.0 = Release|Any CPU
		{20FDA6ED-B68E-4610-807B-F358668F181E}.Release|iPhoneSimulator.Deploy.0 = Release|Any CPU
		{20FDA6ED-B68E-4610-807B-F358668F181E}.Release|x64.ActiveCfg = Release|Any CPU
		{20FDA6ED-B68E-4610-807B-F358668F181E}.Release|x64.Build.0 = Release|Any CPU
		{20FDA6ED-B68E-4610-807B-F358668F181E}.Release|x64.Deploy.0 = Release|Any CPU
		{20FDA6ED-B68E-4610-807B-F358668F181E}.Release|x86.ActiveCfg = Release|Any CPU
		{20FDA6ED-B68E-4610-807B-F358668F181E}.Release|x86.Build.0 = Release|Any CPU
		{20FDA6ED-B68E-4610-807B-F358668F181E}.Release|x86.Deploy.0 = Release|Any CPU
		{B445DF73-AC9E-4276-9FBA-7CB5AD5D2518}.Ad-Hoc|Any CPU.ActiveCfg = Release|Any CPU
		{B445DF73-AC9E-4276-9FBA-7CB5AD5D2518}.Ad-Hoc|Any CPU.Build.0 = Release|Any CPU
		{B445DF73-AC9E-4276-9FBA-7CB5AD5D2518}.Ad-Hoc|ARM.ActiveCfg = Release|Any CPU
		{B445DF73-AC9E-4276-9FBA-7CB5AD5D2518}.Ad-Hoc|ARM.Build.0 = Release|Any CPU
		{B445DF73-AC9E-4276-9FBA-7CB5AD5D2518}.Ad-Hoc|iPhone.ActiveCfg = Release|Any CPU
		{B445DF73-AC9E-4276-9FBA-7CB5AD5D2518}.Ad-Hoc|iPhone.Build.0 = Release|Any CPU
		{B445DF73-AC9E-4276-9FBA-7CB5AD5D2518}.Ad-Hoc|iPhoneSimulator.ActiveCfg = Release|Any CPU
		{B445DF73-AC9E-4276-9FBA-7CB5AD5D2518}.Ad-Hoc|iPhoneSimulator.Build.0 = Release|Any CPU
		{B445DF73-AC9E-4276-9FBA-7CB5AD5D2518}.Ad-Hoc|x64.ActiveCfg = Release|Any CPU
		{B445DF73-AC9E-4276-9FBA-7CB5AD5D2518}.Ad-Hoc|x64.Build.0 = Release|Any CPU
		{B445DF73-AC9E-4276-9FBA-7CB5AD5D2518}.Ad-Hoc|x86.ActiveCfg = Release|Any CPU
		{B445DF73-AC9E-4276-9FBA-7CB5AD5D2518}.Ad-Hoc|x86.Build.0 = Release|Any CPU
		{B445DF73-AC9E-4276-9FBA-7CB5AD5D2518}.AppStore|Any CPU.ActiveCfg = Release|Any CPU
		{B445DF73-AC9E-4276-9FBA-7CB5AD5D2518}.AppStore|Any CPU.Build.0 = Release|Any CPU
		{B445DF73-AC9E-4276-9FBA-7CB5AD5D2518}.AppStore|ARM.ActiveCfg = Release|Any CPU
		{B445DF73-AC9E-4276-9FBA-7CB5AD5D2518}.AppStore|ARM.Build.0 = Release|Any CPU
		{B445DF73-AC9E-4276-9FBA-7CB5AD5D2518}.AppStore|iPhone.ActiveCfg = Release|Any CPU
		{B445DF73-AC9E-4276-9FBA-7CB5AD5D2518}.AppStore|iPhone.Build.0 = Release|Any CPU
		{B445DF73-AC9E-4276-9FBA-7CB5AD5D2518}.AppStore|iPhoneSimulator.ActiveCfg = Release|Any CPU
		{B445DF73-AC9E-4276-9FBA-7CB5AD5D2518}.AppStore|iPhoneSimulator.Build.0 = Release|Any CPU
		{B445DF73-AC9E-4276-9FBA-7CB5AD5D2518}.AppStore|x64.ActiveCfg = Release|Any CPU
		{B445DF73-AC9E-4276-9FBA-7CB5AD5D2518}.AppStore|x64.Build.0 = Release|Any CPU
		{B445DF73-AC9E-4276-9FBA-7CB5AD5D2518}.AppStore|x86.ActiveCfg = Release|Any CPU
		{B445DF73-AC9E-4276-9FBA-7CB5AD5D2518}.AppStore|x86.Build.0 = Release|Any CPU
		{B445DF73-AC9E-4276-9FBA-7CB5AD5D2518}.Debug|Any CPU.ActiveCfg = Debug|Any CPU
		{B445DF73-AC9E-4276-9FBA-7CB5AD5D2518}.Debug|Any CPU.Build.0 = Debug|Any CPU
		{B445DF73-AC9E-4276-9FBA-7CB5AD5D2518}.Debug|ARM.ActiveCfg = Debug|Any CPU
		{B445DF73-AC9E-4276-9FBA-7CB5AD5D2518}.Debug|ARM.Build.0 = Debug|Any CPU
		{B445DF73-AC9E-4276-9FBA-7CB5AD5D2518}.Debug|iPhone.ActiveCfg = Debug|Any CPU
		{B445DF73-AC9E-4276-9FBA-7CB5AD5D2518}.Debug|iPhone.Build.0 = Debug|Any CPU
		{B445DF73-AC9E-4276-9FBA-7CB5AD5D2518}.Debug|iPhoneSimulator.ActiveCfg = Debug|Any CPU
		{B445DF73-AC9E-4276-9FBA-7CB5AD5D2518}.Debug|iPhoneSimulator.Build.0 = Debug|Any CPU
		{B445DF73-AC9E-4276-9FBA-7CB5AD5D2518}.Debug|x64.ActiveCfg = Debug|Any CPU
		{B445DF73-AC9E-4276-9FBA-7CB5AD5D2518}.Debug|x64.Build.0 = Debug|Any CPU
		{B445DF73-AC9E-4276-9FBA-7CB5AD5D2518}.Debug|x86.ActiveCfg = Debug|Any CPU
		{B445DF73-AC9E-4276-9FBA-7CB5AD5D2518}.Debug|x86.Build.0 = Debug|Any CPU
		{B445DF73-AC9E-4276-9FBA-7CB5AD5D2518}.Release|Any CPU.ActiveCfg = Release|Any CPU
		{B445DF73-AC9E-4276-9FBA-7CB5AD5D2518}.Release|Any CPU.Build.0 = Release|Any CPU
		{B445DF73-AC9E-4276-9FBA-7CB5AD5D2518}.Release|ARM.ActiveCfg = Release|Any CPU
		{B445DF73-AC9E-4276-9FBA-7CB5AD5D2518}.Release|ARM.Build.0 = Release|Any CPU
		{B445DF73-AC9E-4276-9FBA-7CB5AD5D2518}.Release|iPhone.ActiveCfg = Release|Any CPU
		{B445DF73-AC9E-4276-9FBA-7CB5AD5D2518}.Release|iPhone.Build.0 = Release|Any CPU
		{B445DF73-AC9E-4276-9FBA-7CB5AD5D2518}.Release|iPhoneSimulator.ActiveCfg = Release|Any CPU
		{B445DF73-AC9E-4276-9FBA-7CB5AD5D2518}.Release|iPhoneSimulator.Build.0 = Release|Any CPU
		{B445DF73-AC9E-4276-9FBA-7CB5AD5D2518}.Release|x64.ActiveCfg = Release|Any CPU
		{B445DF73-AC9E-4276-9FBA-7CB5AD5D2518}.Release|x64.Build.0 = Release|Any CPU
		{B445DF73-AC9E-4276-9FBA-7CB5AD5D2518}.Release|x86.ActiveCfg = Release|Any CPU
		{B445DF73-AC9E-4276-9FBA-7CB5AD5D2518}.Release|x86.Build.0 = Release|Any CPU
	EndGlobalSection
	GlobalSection(SolutionProperties) = preSolution
		HideSolutionNode = FALSE
	EndGlobalSection
	GlobalSection(ExtensibilityGlobals) = postSolution
		SolutionGuid = {F6D05029-56B8-4E45-AF2D-0E76295DDBA2}
	EndGlobalSection
EndGlobal
